// !$*UTF8*$!
{
	archiveVersion = 1;
	classes = {
	};
	objectVersion = 46;
	objects = {

/* Begin PBXBuildFile section */
		A09318831EFE75F9008879CC /* AppDelegate.swift in Sources */ = {isa = PBXBuildFile; fileRef = A09318821EFE75F9008879CC /* AppDelegate.swift */; };
		A09318851EFE75F9008879CC /* ViewController.swift in Sources */ = {isa = PBXBuildFile; fileRef = A09318841EFE75F9008879CC /* ViewController.swift */; };
		A09318881EFE75F9008879CC /* Main.storyboard in Resources */ = {isa = PBXBuildFile; fileRef = A09318861EFE75F9008879CC /* Main.storyboard */; };
		A093188B1EFE75F9008879CC /* Record.xcdatamodeld in Sources */ = {isa = PBXBuildFile; fileRef = A09318891EFE75F9008879CC /* Record.xcdatamodeld */; };
		A093188D1EFE75F9008879CC /* Assets.xcassets in Resources */ = {isa = PBXBuildFile; fileRef = A093188C1EFE75F9008879CC /* Assets.xcassets */; };
		A09318901EFE75F9008879CC /* LaunchScreen.storyboard in Resources */ = {isa = PBXBuildFile; fileRef = A093188E1EFE75F9008879CC /* LaunchScreen.storyboard */; };
		A09318991EFE7F24008879CC /* RSignupViewController.swift in Sources */ = {isa = PBXBuildFile; fileRef = A09318981EFE7F24008879CC /* RSignupViewController.swift */; };
		A093189B1EFE91A7008879CC /* RLoginViewController.swift in Sources */ = {isa = PBXBuildFile; fileRef = A093189A1EFE91A7008879CC /* RLoginViewController.swift */; };
		A093189E1EFE9973008879CC /* RHomeViewController.swift in Sources */ = {isa = PBXBuildFile; fileRef = A093189D1EFE9972008879CC /* RHomeViewController.swift */; };
		A09318A01EFEA929008879CC /* RHomeTableViewCell.swift in Sources */ = {isa = PBXBuildFile; fileRef = A093189F1EFEA929008879CC /* RHomeTableViewCell.swift */; };
		A09318A21EFEAB65008879CC /* RMyAppViewController.swift in Sources */ = {isa = PBXBuildFile; fileRef = A09318A11EFEAB65008879CC /* RMyAppViewController.swift */; };
		A09318A41EFEAB7C008879CC /* RMyAlbumViewController.swift in Sources */ = {isa = PBXBuildFile; fileRef = A09318A31EFEAB7C008879CC /* RMyAlbumViewController.swift */; };
		A09318A61EFEAB8A008879CC /* RMyInfoViewController.swift in Sources */ = {isa = PBXBuildFile; fileRef = A09318A51EFEAB8A008879CC /* RMyInfoViewController.swift */; };
/* End PBXBuildFile section */

/* Begin PBXFileReference section */
		A093187F1EFE75F9008879CC /* Record.app */ = {isa = PBXFileReference; explicitFileType = wrapper.application; includeInIndex = 0; path = Record.app; sourceTree = BUILT_PRODUCTS_DIR; };
		A09318821EFE75F9008879CC /* AppDelegate.swift */ = {isa = PBXFileReference; lastKnownFileType = sourcecode.swift; path = AppDelegate.swift; sourceTree = "<group>"; };
		A09318841EFE75F9008879CC /* ViewController.swift */ = {isa = PBXFileReference; lastKnownFileType = sourcecode.swift; path = ViewController.swift; sourceTree = "<group>"; };
		A09318871EFE75F9008879CC /* Base */ = {isa = PBXFileReference; lastKnownFileType = file.storyboard; name = Base; path = Base.lproj/Main.storyboard; sourceTree = "<group>"; };
		A093188A1EFE75F9008879CC /* Record.xcdatamodel */ = {isa = PBXFileReference; lastKnownFileType = wrapper.xcdatamodel; path = Record.xcdatamodel; sourceTree = "<group>"; };
		A093188C1EFE75F9008879CC /* Assets.xcassets */ = {isa = PBXFileReference; lastKnownFileType = folder.assetcatalog; path = Assets.xcassets; sourceTree = "<group>"; };
		A093188F1EFE75F9008879CC /* Base */ = {isa = PBXFileReference; lastKnownFileType = file.storyboard; name = Base; path = Base.lproj/LaunchScreen.storyboard; sourceTree = "<group>"; };
		A09318911EFE75FA008879CC /* Info.plist */ = {isa = PBXFileReference; lastKnownFileType = text.plist.xml; path = Info.plist; sourceTree = "<group>"; };
		A09318981EFE7F24008879CC /* RSignupViewController.swift */ = {isa = PBXFileReference; fileEncoding = 4; lastKnownFileType = sourcecode.swift; path = RSignupViewController.swift; sourceTree = "<group>"; };
		A093189A1EFE91A7008879CC /* RLoginViewController.swift */ = {isa = PBXFileReference; fileEncoding = 4; lastKnownFileType = sourcecode.swift; path = RLoginViewController.swift; sourceTree = "<group>"; };
		A093189D1EFE9972008879CC /* RHomeViewController.swift */ = {isa = PBXFileReference; fileEncoding = 4; lastKnownFileType = sourcecode.swift; path = RHomeViewController.swift; sourceTree = "<group>"; };
		A093189F1EFEA929008879CC /* RHomeTableViewCell.swift */ = {isa = PBXFileReference; fileEncoding = 4; lastKnownFileType = sourcecode.swift; path = RHomeTableViewCell.swift; sourceTree = "<group>"; };
		A09318A11EFEAB65008879CC /* RMyAppViewController.swift */ = {isa = PBXFileReference; fileEncoding = 4; lastKnownFileType = sourcecode.swift; path = RMyAppViewController.swift; sourceTree = "<group>"; };
		A09318A31EFEAB7C008879CC /* RMyAlbumViewController.swift */ = {isa = PBXFileReference; fileEncoding = 4; lastKnownFileType = sourcecode.swift; path = RMyAlbumViewController.swift; sourceTree = "<group>"; };
		A09318A51EFEAB8A008879CC /* RMyInfoViewController.swift */ = {isa = PBXFileReference; fileEncoding = 4; lastKnownFileType = sourcecode.swift; path = RMyInfoViewController.swift; sourceTree = "<group>"; };
/* End PBXFileReference section */

/* Begin PBXFrameworksBuildPhase section */
		A093187C1EFE75F9008879CC /* Frameworks */ = {
			isa = PBXFrameworksBuildPhase;
			buildActionMask = 2147483647;
			files = (
			);
			runOnlyForDeploymentPostprocessing = 0;
		};
/* End PBXFrameworksBuildPhase section */

/* Begin PBXGroup section */
		A09318761EFE75F9008879CC = {
			isa = PBXGroup;
			children = (
				A09318811EFE75F9008879CC /* Record */,
				A09318801EFE75F9008879CC /* Products */,
			);
			sourceTree = "<group>";
		};
		A09318801EFE75F9008879CC /* Products */ = {
			isa = PBXGroup;
			children = (
				A093187F1EFE75F9008879CC /* Record.app */,
			);
			name = Products;
			sourceTree = "<group>";
		};
		A09318811EFE75F9008879CC /* Record */ = {
			isa = PBXGroup;
			children = (
				A093189C1EFE9956008879CC /* Home */,
				A09318971EFE7EAB008879CC /* Login */,
				A09318821EFE75F9008879CC /* AppDelegate.swift */,
				A09318841EFE75F9008879CC /* ViewController.swift */,
				A09318861EFE75F9008879CC /* Main.storyboard */,
				A093188C1EFE75F9008879CC /* Assets.xcassets */,
				A093188E1EFE75F9008879CC /* LaunchScreen.storyboard */,
				A09318911EFE75FA008879CC /* Info.plist */,
				A09318891EFE75F9008879CC /* Record.xcdatamodeld */,
			);
			path = Record;
			sourceTree = "<group>";
		};
		A09318971EFE7EAB008879CC /* Login */ = {
			isa = PBXGroup;
			children = (
				A09318981EFE7F24008879CC /* RSignupViewController.swift */,
				A093189A1EFE91A7008879CC /* RLoginViewController.swift */,
			);
			name = Login;
			sourceTree = "<group>";
		};
		A093189C1EFE9956008879CC /* Home */ = {
			isa = PBXGroup;
			children = (
				A093189D1EFE9972008879CC /* RHomeViewController.swift */,
				A093189F1EFEA929008879CC /* RHomeTableViewCell.swift */,
				A09318A11EFEAB65008879CC /* RMyAppViewController.swift */,
				A09318A31EFEAB7C008879CC /* RMyAlbumViewController.swift */,
				A09318A51EFEAB8A008879CC /* RMyInfoViewController.swift */,
			);
			name = Home;
			sourceTree = "<group>";
		};
/* End PBXGroup section */

/* Begin PBXNativeTarget section */
		A093187E1EFE75F9008879CC /* Record */ = {
			isa = PBXNativeTarget;
			buildConfigurationList = A09318941EFE75FA008879CC /* Build configuration list for PBXNativeTarget "Record" */;
			buildPhases = (
				A093187B1EFE75F9008879CC /* Sources */,
				A093187C1EFE75F9008879CC /* Frameworks */,
				A093187D1EFE75F9008879CC /* Resources */,
			);
			buildRules = (
			);
			dependencies = (
			);
			name = Record;
			productName = Record;
			productReference = A093187F1EFE75F9008879CC /* Record.app */;
			productType = "com.apple.product-type.application";
		};
/* End PBXNativeTarget section */

/* Begin PBXProject section */
		A09318771EFE75F9008879CC /* Project object */ = {
			isa = PBXProject;
			attributes = {
				LastSwiftUpdateCheck = 0830;
				LastUpgradeCheck = 0830;
				ORGANIZATIONNAME = myproject;
				TargetAttributes = {
					A093187E1EFE75F9008879CC = {
						CreatedOnToolsVersion = 8.3.2;
						ProvisioningStyle = Manual;
					};
				};
			};
			buildConfigurationList = A093187A1EFE75F9008879CC /* Build configuration list for PBXProject "Record" */;
			compatibilityVersion = "Xcode 3.2";
			developmentRegion = English;
			hasScannedForEncodings = 0;
			knownRegions = (
				en,
				Base,
			);
			mainGroup = A09318761EFE75F9008879CC;
			productRefGroup = A09318801EFE75F9008879CC /* Products */;
			projectDirPath = "";
			projectRoot = "";
			targets = (
				A093187E1EFE75F9008879CC /* Record */,
			);
		};
/* End PBXProject section */

/* Begin PBXResourcesBuildPhase section */
		A093187D1EFE75F9008879CC /* Resources */ = {
			isa = PBXResourcesBuildPhase;
			buildActionMask = 2147483647;
			files = (
				A09318901EFE75F9008879CC /* LaunchScreen.storyboard in Resources */,
				A093188D1EFE75F9008879CC /* Assets.xcassets in Resources */,
				A09318881EFE75F9008879CC /* Main.storyboard in Resources */,
			);
			runOnlyForDeploymentPostprocessing = 0;
		};
/* End PBXResourcesBuildPhase section */

/* Begin PBXSourcesBuildPhase section */
		A093187B1EFE75F9008879CC /* Sources */ = {
			isa = PBXSourcesBuildPhase;
			buildActionMask = 2147483647;
			files = (
				A093188B1EFE75F9008879CC /* Record.xcdatamodeld in Sources */,
				A093189B1EFE91A7008879CC /* RLoginViewController.swift in Sources */,
				A09318A41EFEAB7C008879CC /* RMyAlbumViewController.swift in Sources */,
				A093189E1EFE9973008879CC /* RHomeViewController.swift in Sources */,
				A09318A01EFEA929008879CC /* RHomeTableViewCell.swift in Sources */,
				A09318851EFE75F9008879CC /* ViewController.swift in Sources */,
				A09318A21EFEAB65008879CC /* RMyAppViewController.swift in Sources */,
				A09318991EFE7F24008879CC /* RSignupViewController.swift in Sources */,
				A09318831EFE75F9008879CC /* AppDelegate.swift in Sources */,
				A09318A61EFEAB8A008879CC /* RMyInfoViewController.swift in Sources */,
			);
			runOnlyForDeploymentPostprocessing = 0;
		};
/* End PBXSourcesBuildPhase section */

/* Begin PBXVariantGroup section */
		A09318861EFE75F9008879CC /* Main.storyboard */ = {
			isa = PBXVariantGroup;
			children = (
				A09318871EFE75F9008879CC /* Base */,
			);
			name = Main.storyboard;
			sourceTree = "<group>";
		};
		A093188E1EFE75F9008879CC /* LaunchScreen.storyboard */ = {
			isa = PBXVariantGroup;
			children = (
				A093188F1EFE75F9008879CC /* Base */,
			);
			name = LaunchScreen.storyboard;
			sourceTree = "<group>";
		};
/* End PBXVariantGroup section */

/* Begin XCBuildConfiguration section */
		A09318921EFE75FA008879CC /* Debug */ = {
			isa = XCBuildConfiguration;
			buildSettings = {
				ALWAYS_SEARCH_USER_PATHS = NO;
				CLANG_ANALYZER_NONNULL = YES;
				CLANG_ANALYZER_NUMBER_OBJECT_CONVERSION = YES_AGGRESSIVE;
				CLANG_CXX_LANGUAGE_STANDARD = "gnu++0x";
				CLANG_CXX_LIBRARY = "libc++";
				CLANG_ENABLE_MODULES = YES;
				CLANG_ENABLE_OBJC_ARC = YES;
				CLANG_WARN_BOOL_CONVERSION = YES;
				CLANG_WARN_CONSTANT_CONVERSION = YES;
				CLANG_WARN_DIRECT_OBJC_ISA_USAGE = YES_ERROR;
				CLANG_WARN_DOCUMENTATION_COMMENTS = YES;
				CLANG_WARN_EMPTY_BODY = YES;
				CLANG_WARN_ENUM_CONVERSION = YES;
				CLANG_WARN_INFINITE_RECURSION = YES;
				CLANG_WARN_INT_CONVERSION = YES;
				CLANG_WARN_OBJC_ROOT_CLASS = YES_ERROR;
				CLANG_WARN_SUSPICIOUS_MOVE = YES;
				CLANG_WARN_UNREACHABLE_CODE = YES;
				CLANG_WARN__DUPLICATE_METHOD_MATCH = YES;
				"CODE_SIGN_IDENTITY[sdk=iphoneos*]" = "iPhone Developer";
				COPY_PHASE_STRIP = NO;
				DEBUG_INFORMATION_FORMAT = dwarf;
				ENABLE_STRICT_OBJC_MSGSEND = YES;
				ENABLE_TESTABILITY = YES;
				GCC_C_LANGUAGE_STANDARD = gnu99;
				GCC_DYNAMIC_NO_PIC = NO;
				GCC_NO_COMMON_BLOCKS = YES;
				GCC_OPTIMIZATION_LEVEL = 0;
				GCC_PREPROCESSOR_DEFINITIONS = (
					"DEBUG=1",
					"$(inherited)",
				);
				GCC_WARN_64_TO_32_BIT_CONVERSION = YES;
				GCC_WARN_ABOUT_RETURN_TYPE = YES_ERROR;
				GCC_WARN_UNDECLARED_SELECTOR = YES;
				GCC_WARN_UNINITIALIZED_AUTOS = YES_AGGRESSIVE;
				GCC_WARN_UNUSED_FUNCTION = YES;
				GCC_WARN_UNUSED_VARIABLE = YES;
				IPHONEOS_DEPLOYMENT_TARGET = 10.3;
				MTL_ENABLE_DEBUG_INFO = YES;
				ONLY_ACTIVE_ARCH = YES;
				SDKROOT = iphoneos;
				SWIFT_ACTIVE_COMPILATION_CONDITIONS = DEBUG;
				SWIFT_OPTIMIZATION_LEVEL = "-Onone";
				TARGETED_DEVICE_FAMILY = "1,2";
			};
			name = Debug;
		};
		A09318931EFE75FA008879CC /* Release */ = {
			isa = XCBuildConfiguration;
			buildSettings = {
				ALWAYS_SEARCH_USER_PATHS = NO;
				CLANG_ANALYZER_NONNULL = YES;
				CLANG_ANALYZER_NUMBER_OBJECT_CONVERSION = YES_AGGRESSIVE;
				CLANG_CXX_LANGUAGE_STANDARD = "gnu++0x";
				CLANG_CXX_LIBRARY = "libc++";
				CLANG_ENABLE_MODULES = YES;
				CLANG_ENABLE_OBJC_ARC = YES;
				CLANG_WARN_BOOL_CONVERSION = YES;
				CLANG_WARN_CONSTANT_CONVERSION = YES;
				CLANG_WARN_DIRECT_OBJC_ISA_USAGE = YES_ERROR;
				CLANG_WARN_DOCUMENTATION_COMMENTS = YES;
				CLANG_WARN_EMPTY_BODY = YES;
				CLANG_WARN_ENUM_CONVERSION = YES;
				CLANG_WARN_INFINITE_RECURSION = YES;
				CLANG_WARN_INT_CONVERSION = YES;
				CLANG_WARN_OBJC_ROOT_CLASS = YES_ERROR;
				CLANG_WARN_SUSPICIOUS_MOVE = YES;
				CLANG_WARN_UNREACHABLE_CODE = YES;
				CLANG_WARN__DUPLICATE_METHOD_MATCH = YES;
				"CODE_SIGN_IDENTITY[sdk=iphoneos*]" = "iPhone Developer";
				COPY_PHASE_STRIP = NO;
				DEBUG_INFORMATION_FORMAT = "dwarf-with-dsym";
				ENABLE_NS_ASSERTIONS = NO;
				ENABLE_STRICT_OBJC_MSGSEND = YES;
				GCC_C_LANGUAGE_STANDARD = gnu99;
				GCC_NO_COMMON_BLOCKS = YES;
				GCC_WARN_64_TO_32_BIT_CONVERSION = YES;
				GCC_WARN_ABOUT_RETURN_TYPE = YES_ERROR;
				GCC_WARN_UNDECLARED_SELECTOR = YES;
				GCC_WARN_UNINITIALIZED_AUTOS = YES_AGGRESSIVE;
				GCC_WARN_UNUSED_FUNCTION = YES;
				GCC_WARN_UNUSED_VARIABLE = YES;
				IPHONEOS_DEPLOYMENT_TARGET = 10.3;
				MTL_ENABLE_DEBUG_INFO = NO;
				SDKROOT = iphoneos;
				SWIFT_OPTIMIZATION_LEVEL = "-Owholemodule";
				TARGETED_DEVICE_FAMILY = "1,2";
				VALIDATE_PRODUCT = YES;
			};
			name = Release;
		};
		A09318951EFE75FA008879CC /* Debug */ = {
			isa = XCBuildConfiguration;
			buildSettings = {
				ASSETCATALOG_COMPILER_APPICON_NAME = AppIcon;
				DEVELOPMENT_TEAM = "";
				INFOPLIST_FILE = Record/Info.plist;
				LD_RUNPATH_SEARCH_PATHS = "$(inherited) @executable_path/Frameworks";
				PRODUCT_BUNDLE_IDENTIFIER = com.myproject.Record;
				PRODUCT_NAME = "$(TARGET_NAME)";
				PROVISIONING_PROFILE_SPECIFIER = "";
				SWIFT_VERSION = 3.0;
			};
			name = Debug;
		};
		A09318961EFE75FA008879CC /* Release */ = {
			isa = XCBuildConfiguration;
			buildSettings = {
				ASSETCATALOG_COMPILER_APPICON_NAME = AppIcon;
				DEVELOPMENT_TEAM = "";
				INFOPLIST_FILE = Record/Info.plist;
				LD_RUNPATH_SEARCH_PATHS = "$(inherited) @executable_path/Frameworks";
				PRODUCT_BUNDLE_IDENTIFIER = com.myproject.Record;
				PRODUCT_NAME = "$(TARGET_NAME)";
				PROVISIONING_PROFILE_SPECIFIER = "";
				SWIFT_VERSION = 3.0;
			};
			name = Release;
		};
/* End XCBuildConfiguration section */

/* Begin XCConfigurationList section */
		A093187A1EFE75F9008879CC /* Build configuration list for PBXProject "Record" */ = {
			isa = XCConfigurationList;
			buildConfigurations = (
				A09318921EFE75FA008879CC /* Debug */,
				A09318931EFE75FA008879CC /* Release */,
			);
			defaultConfigurationIsVisible = 0;
			defaultConfigurationName = Release;
		};
		A09318941EFE75FA008879CC /* Build configuration list for PBXNativeTarget "Record" */ = {
			isa = XCConfigurationList;
			buildConfigurations = (
				A09318951EFE75FA008879CC /* Debug */,
				A09318961EFE75FA008879CC /* Release */,
			);
			defaultConfigurationIsVisible = 0;
			defaultConfigurationName = Release;
		};
/* End XCConfigurationList section */

/* Begin XCVersionGroup section */
		A09318891EFE75F9008879CC /* Record.xcdatamodeld */ = {
			isa = XCVersionGroup;
			children = (
				A093188A1EFE75F9008879CC /* Record.xcdatamodel */,
			);
			currentVersion = A093188A1EFE75F9008879CC /* Record.xcdatamodel */;
			path = Record.xcdatamodeld;
			sourceTree = "<group>";
			versionGroupType = wrapper.xcdatamodel;
		};
/* End XCVersionGroup section */
	};
	rootObject = A09318771EFE75F9008879CC /* Project object */;
}
